// !$*UTF8*$!
{
	archiveVersion = 1;
	classes = {
	};
	objectVersion = 50;
	objects = {

/* Begin PBXBuildFile section */
		D9BEDF3625E48E5100BD3B85 /* AppDelegate.swift in Sources */ = {isa = PBXBuildFile; fileRef = D9BEDF3525E48E5100BD3B85 /* AppDelegate.swift */; };
		D9BEDF3825E48E5100BD3B85 /* SceneDelegate.swift in Sources */ = {isa = PBXBuildFile; fileRef = D9BEDF3725E48E5100BD3B85 /* SceneDelegate.swift */; };
		D9BEDF3A25E48E5100BD3B85 /* ViewController.swift in Sources */ = {isa = PBXBuildFile; fileRef = D9BEDF3925E48E5100BD3B85 /* ViewController.swift */; };
		D9BEDF3D25E48E5100BD3B85 /* Main.storyboard in Resources */ = {isa = PBXBuildFile; fileRef = D9BEDF3B25E48E5100BD3B85 /* Main.storyboard */; };
		D9BEDF3F25E48E5300BD3B85 /* Assets.xcassets in Resources */ = {isa = PBXBuildFile; fileRef = D9BEDF3E25E48E5300BD3B85 /* Assets.xcassets */; };
		D9BEDF4225E48E5300BD3B85 /* LaunchScreen.storyboard in Resources */ = {isa = PBXBuildFile; fileRef = D9BEDF4025E48E5300BD3B85 /* LaunchScreen.storyboard */; };
		D9BEDF4D25E48E5400BD3B85 /* flixitTests.swift in Sources */ = {isa = PBXBuildFile; fileRef = D9BEDF4C25E48E5400BD3B85 /* flixitTests.swift */; };
		D9BEDF5825E48E5400BD3B85 /* flixitUITests.swift in Sources */ = {isa = PBXBuildFile; fileRef = D9BEDF5725E48E5400BD3B85 /* flixitUITests.swift */; };
/* End PBXBuildFile section */

/* Begin PBXContainerItemProxy section */
		D9BEDF4925E48E5400BD3B85 /* PBXContainerItemProxy */ = {
			isa = PBXContainerItemProxy;
			containerPortal = D9BEDF2A25E48E5100BD3B85 /* Project object */;
			proxyType = 1;
			remoteGlobalIDString = D9BEDF3125E48E5100BD3B85;
			remoteInfo = flixit;
		};
		D9BEDF5425E48E5400BD3B85 /* PBXContainerItemProxy */ = {
			isa = PBXContainerItemProxy;
			containerPortal = D9BEDF2A25E48E5100BD3B85 /* Project object */;
			proxyType = 1;
			remoteGlobalIDString = D9BEDF3125E48E5100BD3B85;
			remoteInfo = flixit;
		};
/* End PBXContainerItemProxy section */

/* Begin PBXFileReference section */
		D9BEDF3225E48E5100BD3B85 /* flixit.app */ = {isa = PBXFileReference; explicitFileType = wrapper.application; includeInIndex = 0; path = flixit.app; sourceTree = BUILT_PRODUCTS_DIR; };
		D9BEDF3525E48E5100BD3B85 /* AppDelegate.swift */ = {isa = PBXFileReference; lastKnownFileType = sourcecode.swift; path = AppDelegate.swift; sourceTree = "<group>"; };
		D9BEDF3725E48E5100BD3B85 /* SceneDelegate.swift */ = {isa = PBXFileReference; lastKnownFileType = sourcecode.swift; path = SceneDelegate.swift; sourceTree = "<group>"; };
		D9BEDF3925E48E5100BD3B85 /* ViewController.swift */ = {isa = PBXFileReference; lastKnownFileType = sourcecode.swift; path = ViewController.swift; sourceTree = "<group>"; };
		D9BEDF3C25E48E5100BD3B85 /* Base */ = {isa = PBXFileReference; lastKnownFileType = file.storyboard; name = Base; path = Base.lproj/Main.storyboard; sourceTree = "<group>"; };
		D9BEDF3E25E48E5300BD3B85 /* Assets.xcassets */ = {isa = PBXFileReference; lastKnownFileType = folder.assetcatalog; path = Assets.xcassets; sourceTree = "<group>"; };
		D9BEDF4125E48E5300BD3B85 /* Base */ = {isa = PBXFileReference; lastKnownFileType = file.storyboard; name = Base; path = Base.lproj/LaunchScreen.storyboard; sourceTree = "<group>"; };
		D9BEDF4325E48E5300BD3B85 /* Info.plist */ = {isa = PBXFileReference; lastKnownFileType = text.plist.xml; path = Info.plist; sourceTree = "<group>"; };
		D9BEDF4825E48E5400BD3B85 /* flixitTests.xctest */ = {isa = PBXFileReference; explicitFileType = wrapper.cfbundle; includeInIndex = 0; path = flixitTests.xctest; sourceTree = BUILT_PRODUCTS_DIR; };
		D9BEDF4C25E48E5400BD3B85 /* flixitTests.swift */ = {isa = PBXFileReference; lastKnownFileType = sourcecode.swift; path = flixitTests.swift; sourceTree = "<group>"; };
		D9BEDF4E25E48E5400BD3B85 /* Info.plist */ = {isa = PBXFileReference; lastKnownFileType = text.plist.xml; path = Info.plist; sourceTree = "<group>"; };
		D9BEDF5325E48E5400BD3B85 /* flixitUITests.xctest */ = {isa = PBXFileReference; explicitFileType = wrapper.cfbundle; includeInIndex = 0; path = flixitUITests.xctest; sourceTree = BUILT_PRODUCTS_DIR; };
		D9BEDF5725E48E5400BD3B85 /* flixitUITests.swift */ = {isa = PBXFileReference; lastKnownFileType = sourcecode.swift; path = flixitUITests.swift; sourceTree = "<group>"; };
		D9BEDF5925E48E5400BD3B85 /* Info.plist */ = {isa = PBXFileReference; lastKnownFileType = text.plist.xml; path = Info.plist; sourceTree = "<group>"; };
/* End PBXFileReference section */

/* Begin PBXFrameworksBuildPhase section */
		D9BEDF2F25E48E5100BD3B85 /* Frameworks */ = {
			isa = PBXFrameworksBuildPhase;
			buildActionMask = 2147483647;
			files = (
			);
			runOnlyForDeploymentPostprocessing = 0;
		};
		D9BEDF4525E48E5400BD3B85 /* Frameworks */ = {
			isa = PBXFrameworksBuildPhase;
			buildActionMask = 2147483647;
			files = (
			);
			runOnlyForDeploymentPostprocessing = 0;
		};
		D9BEDF5025E48E5400BD3B85 /* Frameworks */ = {
			isa = PBXFrameworksBuildPhase;
			buildActionMask = 2147483647;
			files = (
			);
			runOnlyForDeploymentPostprocessing = 0;
		};
/* End PBXFrameworksBuildPhase section */

/* Begin PBXGroup section */
		D9BEDF2925E48E5100BD3B85 = {
			isa = PBXGroup;
			children = (
				D9BEDF3425E48E5100BD3B85 /* flixit */,
				D9BEDF4B25E48E5400BD3B85 /* flixitTests */,
				D9BEDF5625E48E5400BD3B85 /* flixitUITests */,
				D9BEDF3325E48E5100BD3B85 /* Products */,
			);
			sourceTree = "<group>";
		};
		D9BEDF3325E48E5100BD3B85 /* Products */ = {
			isa = PBXGroup;
			children = (
				D9BEDF3225E48E5100BD3B85 /* flixit.app */,
				D9BEDF4825E48E5400BD3B85 /* flixitTests.xctest */,
				D9BEDF5325E48E5400BD3B85 /* flixitUITests.xctest */,
			);
			name = Products;
			sourceTree = "<group>";
		};
		D9BEDF3425E48E5100BD3B85 /* flixit */ = {
			isa = PBXGroup;
			children = (
				D9BEDF3525E48E5100BD3B85 /* AppDelegate.swift */,
				D9BEDF3725E48E5100BD3B85 /* SceneDelegate.swift */,
				D9BEDF3925E48E5100BD3B85 /* ViewController.swift */,
				D9BEDF3B25E48E5100BD3B85 /* Main.storyboard */,
				D9BEDF3E25E48E5300BD3B85 /* Assets.xcassets */,
				D9BEDF4025E48E5300BD3B85 /* LaunchScreen.storyboard */,
				D9BEDF4325E48E5300BD3B85 /* Info.plist */,
			);
			path = flixit;
			sourceTree = "<group>";
		};
		D9BEDF4B25E48E5400BD3B85 /* flixitTests */ = {
			isa = PBXGroup;
			children = (
				D9BEDF4C25E48E5400BD3B85 /* flixitTests.swift */,
				D9BEDF4E25E48E5400BD3B85 /* Info.plist */,
			);
			path = flixitTests;
			sourceTree = "<group>";
		};
		D9BEDF5625E48E5400BD3B85 /* flixitUITests */ = {
			isa = PBXGroup;
			children = (
				D9BEDF5725E48E5400BD3B85 /* flixitUITests.swift */,
				D9BEDF5925E48E5400BD3B85 /* Info.plist */,
			);
			path = flixitUITests;
			sourceTree = "<group>";
		};
/* End PBXGroup section */

/* Begin PBXNativeTarget section */
		D9BEDF3125E48E5100BD3B85 /* flixit */ = {
			isa = PBXNativeTarget;
			buildConfigurationList = D9BEDF5C25E48E5400BD3B85 /* Build configuration list for PBXNativeTarget "flixit" */;
			buildPhases = (
				D9BEDF2E25E48E5100BD3B85 /* Sources */,
				D9BEDF2F25E48E5100BD3B85 /* Frameworks */,
				D9BEDF3025E48E5100BD3B85 /* Resources */,
			);
			buildRules = (
			);
			dependencies = (
			);
			name = flixit;
			productName = flixit;
			productReference = D9BEDF3225E48E5100BD3B85 /* flixit.app */;
			productType = "com.apple.product-type.application";
		};
		D9BEDF4725E48E5400BD3B85 /* flixitTests */ = {
			isa = PBXNativeTarget;
			buildConfigurationList = D9BEDF5F25E48E5400BD3B85 /* Build configuration list for PBXNativeTarget "flixitTests" */;
			buildPhases = (
				D9BEDF4425E48E5400BD3B85 /* Sources */,
				D9BEDF4525E48E5400BD3B85 /* Frameworks */,
				D9BEDF4625E48E5400BD3B85 /* Resources */,
			);
			buildRules = (
			);
			dependencies = (
				D9BEDF4A25E48E5400BD3B85 /* PBXTargetDependency */,
			);
			name = flixitTests;
			productName = flixitTests;
			productReference = D9BEDF4825E48E5400BD3B85 /* flixitTests.xctest */;
			productType = "com.apple.product-type.bundle.unit-test";
		};
		D9BEDF5225E48E5400BD3B85 /* flixitUITests */ = {
			isa = PBXNativeTarget;
			buildConfigurationList = D9BEDF6225E48E5400BD3B85 /* Build configuration list for PBXNativeTarget "flixitUITests" */;
			buildPhases = (
				D9BEDF4F25E48E5400BD3B85 /* Sources */,
				D9BEDF5025E48E5400BD3B85 /* Frameworks */,
				D9BEDF5125E48E5400BD3B85 /* Resources */,
			);
			buildRules = (
			);
			dependencies = (
				D9BEDF5525E48E5400BD3B85 /* PBXTargetDependency */,
			);
			name = flixitUITests;
			productName = flixitUITests;
			productReference = D9BEDF5325E48E5400BD3B85 /* flixitUITests.xctest */;
			productType = "com.apple.product-type.bundle.ui-testing";
		};
/* End PBXNativeTarget section */

/* Begin PBXProject section */
		D9BEDF2A25E48E5100BD3B85 /* Project object */ = {
			isa = PBXProject;
			attributes = {
				LastSwiftUpdateCheck = 1240;
				LastUpgradeCheck = 1240;
				TargetAttributes = {
					D9BEDF3125E48E5100BD3B85 = {
						CreatedOnToolsVersion = 12.4;
					};
					D9BEDF4725E48E5400BD3B85 = {
						CreatedOnToolsVersion = 12.4;
						TestTargetID = D9BEDF3125E48E5100BD3B85;
					};
					D9BEDF5225E48E5400BD3B85 = {
						CreatedOnToolsVersion = 12.4;
						TestTargetID = D9BEDF3125E48E5100BD3B85;
					};
				};
			};
			buildConfigurationList = D9BEDF2D25E48E5100BD3B85 /* Build configuration list for PBXProject "flixit" */;
			compatibilityVersion = "Xcode 9.3";
			developmentRegion = en;
			hasScannedForEncodings = 0;
			knownRegions = (
				en,
				Base,
			);
			mainGroup = D9BEDF2925E48E5100BD3B85;
			productRefGroup = D9BEDF3325E48E5100BD3B85 /* Products */;
			projectDirPath = "";
			projectRoot = "";
			targets = (
				D9BEDF3125E48E5100BD3B85 /* flixit */,
				D9BEDF4725E48E5400BD3B85 /* flixitTests */,
				D9BEDF5225E48E5400BD3B85 /* flixitUITests */,
			);
		};
/* End PBXProject section */

/* Begin PBXResourcesBuildPhase section */
		D9BEDF3025E48E5100BD3B85 /* Resources */ = {
			isa = PBXResourcesBuildPhase;
			buildActionMask = 2147483647;
			files = (
				D9BEDF4225E48E5300BD3B85 /* LaunchScreen.storyboard in Resources */,
				D9BEDF3F25E48E5300BD3B85 /* Assets.xcassets in Resources */,
				D9BEDF3D25E48E5100BD3B85 /* Main.storyboard in Resources */,
			);
			runOnlyForDeploymentPostprocessing = 0;
		};
		D9BEDF4625E48E5400BD3B85 /* Resources */ = {
			isa = PBXResourcesBuildPhase;
			buildActionMask = 2147483647;
			files = (
			);
			runOnlyForDeploymentPostprocessing = 0;
		};
		D9BEDF5125E48E5400BD3B85 /* Resources */ = {
			isa = PBXResourcesBuildPhase;
			buildActionMask = 2147483647;
			files = (
			);
			runOnlyForDeploymentPostprocessing = 0;
		};
/* End PBXResourcesBuildPhase section */

/* Begin PBXSourcesBuildPhase section */
		D9BEDF2E25E48E5100BD3B85 /* Sources */ = {
			isa = PBXSourcesBuildPhase;
			buildActionMask = 2147483647;
			files = (
				D9BEDF3A25E48E5100BD3B85 /* ViewController.swift in Sources */,
				D9BEDF3625E48E5100BD3B85 /* AppDelegate.swift in Sources */,
				D9BEDF3825E48E5100BD3B85 /* SceneDelegate.swift in Sources */,
			);
			runOnlyForDeploymentPostprocessing = 0;
		};
		D9BEDF4425E48E5400BD3B85 /* Sources */ = {
			isa = PBXSourcesBuildPhase;
			buildActionMask = 2147483647;
			files = (
				D9BEDF4D25E48E5400BD3B85 /* flixitTests.swift in Sources */,
			);
			runOnlyForDeploymentPostprocessing = 0;
		};
		D9BEDF4F25E48E5400BD3B85 /* Sources */ = {
			isa = PBXSourcesBuildPhase;
			buildActionMask = 2147483647;
			files = (
				D9BEDF5825E48E5400BD3B85 /* flixitUITests.swift in Sources */,
			);
			runOnlyForDeploymentPostprocessing = 0;
		};
/* End PBXSourcesBuildPhase section */

/* Begin PBXTargetDependency section */
		D9BEDF4A25E48E5400BD3B85 /* PBXTargetDependency */ = {
			isa = PBXTargetDependency;
			target = D9BEDF3125E48E5100BD3B85 /* flixit */;
			targetProxy = D9BEDF4925E48E5400BD3B85 /* PBXContainerItemProxy */;
		};
		D9BEDF5525E48E5400BD3B85 /* PBXTargetDependency */ = {
			isa = PBXTargetDependency;
			target = D9BEDF3125E48E5100BD3B85 /* flixit */;
			targetProxy = D9BEDF5425E48E5400BD3B85 /* PBXContainerItemProxy */;
		};
/* End PBXTargetDependency section */

/* Begin PBXVariantGroup section */
		D9BEDF3B25E48E5100BD3B85 /* Main.storyboard */ = {
			isa = PBXVariantGroup;
			children = (
				D9BEDF3C25E48E5100BD3B85 /* Base */,
			);
			name = Main.storyboard;
			sourceTree = "<group>";
		};
		D9BEDF4025E48E5300BD3B85 /* LaunchScreen.storyboard */ = {
			isa = PBXVariantGroup;
			children = (
				D9BEDF4125E48E5300BD3B85 /* Base */,
			);
			name = LaunchScreen.storyboard;
			sourceTree = "<group>";
		};
/* End PBXVariantGroup section */

/* Begin XCBuildConfiguration section */
		D9BEDF5A25E48E5400BD3B85 /* Debug */ = {
			isa = XCBuildConfiguration;
			buildSettings = {
				ALWAYS_SEARCH_USER_PATHS = NO;
				CLANG_ANALYZER_NONNULL = YES;
				CLANG_ANALYZER_NUMBER_OBJECT_CONVERSION = YES_AGGRESSIVE;
				CLANG_CXX_LANGUAGE_STANDARD = "gnu++14";
				CLANG_CXX_LIBRARY = "libc++";
				CLANG_ENABLE_MODULES = YES;
				CLANG_ENABLE_OBJC_ARC = YES;
				CLANG_ENABLE_OBJC_WEAK = YES;
				CLANG_WARN_BLOCK_CAPTURE_AUTORELEASING = YES;
				CLANG_WARN_BOOL_CONVERSION = YES;
				CLANG_WARN_COMMA = YES;
				CLANG_WARN_CONSTANT_CONVERSION = YES;
				CLANG_WARN_DEPRECATED_OBJC_IMPLEMENTATIONS = YES;
				CLANG_WARN_DIRECT_OBJC_ISA_USAGE = YES_ERROR;
				CLANG_WARN_DOCUMENTATION_COMMENTS = YES;
				CLANG_WARN_EMPTY_BODY = YES;
				CLANG_WARN_ENUM_CONVERSION = YES;
				CLANG_WARN_INFINITE_RECURSION = YES;
				CLANG_WARN_INT_CONVERSION = YES;
				CLANG_WARN_NON_LITERAL_NULL_CONVERSION = YES;
				CLANG_WARN_OBJC_IMPLICIT_RETAIN_SELF = YES;
				CLANG_WARN_OBJC_LITERAL_CONVERSION = YES;
				CLANG_WARN_OBJC_ROOT_CLASS = YES_ERROR;
				CLANG_WARN_QUOTED_INCLUDE_IN_FRAMEWORK_HEADER = YES;
				CLANG_WARN_RANGE_LOOP_ANALYSIS = YES;
				CLANG_WARN_STRICT_PROTOTYPES = YES;
				CLANG_WARN_SUSPICIOUS_MOVE = YES;
				CLANG_WARN_UNGUARDED_AVAILABILITY = YES_AGGRESSIVE;
				CLANG_WARN_UNREACHABLE_CODE = YES;
				CLANG_WARN__DUPLICATE_METHOD_MATCH = YES;
				COPY_PHASE_STRIP = NO;
				DEBUG_INFORMATION_FORMAT = dwarf;
				ENABLE_STRICT_OBJC_MSGSEND = YES;
				ENABLE_TESTABILITY = YES;
				GCC_C_LANGUAGE_STANDARD = gnu11;
				GCC_DYNAMIC_NO_PIC = NO;
				GCC_NO_COMMON_BLOCKS = YES;
				GCC_OPTIMIZATION_LEVEL = 0;
				GCC_PREPROCESSOR_DEFINITIONS = (
					"DEBUG=1",
					"$(inherited)",
				);
				GCC_WARN_64_TO_32_BIT_CONVERSION = YES;
				GCC_WARN_ABOUT_RETURN_TYPE = YES_ERROR;
				GCC_WARN_UNDECLARED_SELECTOR = YES;
				GCC_WARN_UNINITIALIZED_AUTOS = YES_AGGRESSIVE;
				GCC_WARN_UNUSED_FUNCTION = YES;
				GCC_WARN_UNUSED_VARIABLE = YES;
				IPHONEOS_DEPLOYMENT_TARGET = 14.4;
				MTL_ENABLE_DEBUG_INFO = INCLUDE_SOURCE;
				MTL_FAST_MATH = YES;
				ONLY_ACTIVE_ARCH = YES;
				SDKROOT = iphoneos;
				SWIFT_ACTIVE_COMPILATION_CONDITIONS = DEBUG;
				SWIFT_OPTIMIZATION_LEVEL = "-Onone";
			};
			name = Debug;
		};
		D9BEDF5B25E48E5400BD3B85 /* Release */ = {
			isa = XCBuildConfiguration;
			buildSettings = {
				ALWAYS_SEARCH_USER_PATHS = NO;
				CLANG_ANALYZER_NONNULL = YES;
				CLANG_ANALYZER_NUMBER_OBJECT_CONVERSION = YES_AGGRESSIVE;
				CLANG_CXX_LANGUAGE_STANDARD = "gnu++14";
				CLANG_CXX_LIBRARY = "libc++";
				CLANG_ENABLE_MODULES = YES;
				CLANG_ENABLE_OBJC_ARC = YES;
				CLANG_ENABLE_OBJC_WEAK = YES;
				CLANG_WARN_BLOCK_CAPTURE_AUTORELEASING = YES;
				CLANG_WARN_BOOL_CONVERSION = YES;
				CLANG_WARN_COMMA = YES;
				CLANG_WARN_CONSTANT_CONVERSION = YES;
				CLANG_WARN_DEPRECATED_OBJC_IMPLEMENTATIONS = YES;
				CLANG_WARN_DIRECT_OBJC_ISA_USAGE = YES_ERROR;
				CLANG_WARN_DOCUMENTATION_COMMENTS = YES;
				CLANG_WARN_EMPTY_BODY = YES;
				CLANG_WARN_ENUM_CONVERSION = YES;
				CLANG_WARN_INFINITE_RECURSION = YES;
				CLANG_WARN_INT_CONVERSION = YES;
				CLANG_WARN_NON_LITERAL_NULL_CONVERSION = YES;
				CLANG_WARN_OBJC_IMPLICIT_RETAIN_SELF = YES;
				CLANG_WARN_OBJC_LITERAL_CONVERSION = YES;
				CLANG_WARN_OBJC_ROOT_CLASS = YES_ERROR;
				CLANG_WARN_QUOTED_INCLUDE_IN_FRAMEWORK_HEADER = YES;
				CLANG_WARN_RANGE_LOOP_ANALYSIS = YES;
				CLANG_WARN_STRICT_PROTOTYPES = YES;
				CLANG_WARN_SUSPICIOUS_MOVE = YES;
				CLANG_WARN_UNGUARDED_AVAILABILITY = YES_AGGRESSIVE;
				CLANG_WARN_UNREACHABLE_CODE = YES;
				CLANG_WARN__DUPLICATE_METHOD_MATCH = YES;
				COPY_PHASE_STRIP = NO;
				DEBUG_INFORMATION_FORMAT = "dwarf-with-dsym";
				ENABLE_NS_ASSERTIONS = NO;
				ENABLE_STRICT_OBJC_MSGSEND = YES;
				GCC_C_LANGUAGE_STANDARD = gnu11;
				GCC_NO_COMMON_BLOCKS = YES;
				GCC_WARN_64_TO_32_BIT_CONVERSION = YES;
				GCC_WARN_ABOUT_RETURN_TYPE = YES_ERROR;
				GCC_WARN_UNDECLARED_SELECTOR = YES;
				GCC_WARN_UNINITIALIZED_AUTOS = YES_AGGRESSIVE;
				GCC_WARN_UNUSED_FUNCTION = YES;
				GCC_WARN_UNUSED_VARIABLE = YES;
				IPHONEOS_DEPLOYMENT_TARGET = 14.4;
				MTL_ENABLE_DEBUG_INFO = NO;
				MTL_FAST_MATH = YES;
				SDKROOT = iphoneos;
				SWIFT_COMPILATION_MODE = wholemodule;
				SWIFT_OPTIMIZATION_LEVEL = "-O";
				VALIDATE_PRODUCT = YES;
			};
			name = Release;
		};
		D9BEDF5D25E48E5400BD3B85 /* Debug */ = {
			isa = XCBuildConfiguration;
			buildSettings = {
				ASSETCATALOG_COMPILER_APPICON_NAME = AppIcon;
				ASSETCATALOG_COMPILER_GLOBAL_ACCENT_COLOR_NAME = AccentColor;
				CODE_SIGN_STYLE = Automatic;
				INFOPLIST_FILE = flixit/Info.plist;
				LD_RUNPATH_SEARCH_PATHS = (
					"$(inherited)",
					"@executable_path/Frameworks",
				);
				PRODUCT_BUNDLE_IDENTIFIER = Codepath.flixit;
				PRODUCT_NAME = "$(TARGET_NAME)";
				SWIFT_VERSION = 5.0;
				TARGETED_DEVICE_FAMILY = "1,2";
			};
			name = Debug;
		};
		D9BEDF5E25E48E5400BD3B85 /* Release */ = {
			isa = XCBuildConfiguration;
			buildSettings = {
				ASSETCATALOG_COMPILER_APPICON_NAME = AppIcon;
				ASSETCATALOG_COMPILER_GLOBAL_ACCENT_COLOR_NAME = AccentColor;
				CODE_SIGN_STYLE = Automatic;
				INFOPLIST_FILE = flixit/Info.plist;
				LD_RUNPATH_SEARCH_PATHS = (
					"$(inherited)",
					"@executable_path/Frameworks",
				);
				PRODUCT_BUNDLE_IDENTIFIER = Codepath.flixit;
				PRODUCT_NAME = "$(TARGET_NAME)";
				SWIFT_VERSION = 5.0;
				TARGETED_DEVICE_FAMILY = "1,2";
			};
			name = Release;
		};
		D9BEDF6025E48E5400BD3B85 /* Debug */ = {
			isa = XCBuildConfiguration;
			buildSettings = {
				ALWAYS_EMBED_SWIFT_STANDARD_LIBRARIES = YES;
				BUNDLE_LOADER = "$(TEST_HOST)";
				CODE_SIGN_STYLE = Automatic;
				INFOPLIST_FILE = flixitTests/Info.plist;
				IPHONEOS_DEPLOYMENT_TARGET = 14.4;
				LD_RUNPATH_SEARCH_PATHS = (
					"$(inherited)",
					"@executable_path/Frameworks",
					"@loader_path/Frameworks",
				);
				PRODUCT_BUNDLE_IDENTIFIER = Codepath.flixitTests;
				PRODUCT_NAME = "$(TARGET_NAME)";
				SWIFT_VERSION = 5.0;
				TARGETED_DEVICE_FAMILY = "1,2";
				TEST_HOST = "$(BUILT_PRODUCTS_DIR)/flixit.app/flixit";
			};
			name = Debug;
		};
		D9BEDF6125E48E5400BD3B85 /* Release */ = {
			isa = XCBuildConfiguration;
			buildSettings = {
				ALWAYS_EMBED_SWIFT_STANDARD_LIBRARIES = YES;
				BUNDLE_LOADER = "$(TEST_HOST)";
				CODE_SIGN_STYLE = Automatic;
				INFOPLIST_FILE = flixitTests/Info.plist;
				IPHONEOS_DEPLOYMENT_TARGET = 14.4;
				LD_RUNPATH_SEARCH_PATHS = (
					"$(inherited)",
					"@executable_path/Frameworks",
					"@loader_path/Frameworks",
				);
				PRODUCT_BUNDLE_IDENTIFIER = Codepath.flixitTests;
				PRODUCT_NAME = "$(TARGET_NAME)";
				SWIFT_VERSION = 5.0;
				TARGETED_DEVICE_FAMILY = "1,2";
				TEST_HOST = "$(BUILT_PRODUCTS_DIR)/flixit.app/flixit";
			};
			name = Release;
		};
		D9BEDF6325E48E5400BD3B85 /* Debug */ = {
			isa = XCBuildConfiguration;
			buildSettings = {
				ALWAYS_EMBED_SWIFT_STANDARD_LIBRARIES = YES;
				CODE_SIGN_STYLE = Automatic;
				INFOPLIST_FILE = flixitUITests/Info.plist;
				LD_RUNPATH_SEARCH_PATHS = (
					"$(inherited)",
					"@executable_path/Frameworks",
					"@loader_path/Frameworks",
				);
				PRODUCT_BUNDLE_IDENTIFIER = Codepath.flixitUITests;
				PRODUCT_NAME = "$(TARGET_NAME)";
				SWIFT_VERSION = 5.0;
				TARGETED_DEVICE_FAMILY = "1,2";
				TEST_TARGET_NAME = flixit;
			};
			name = Debug;
		};
		D9BEDF6425E48E5400BD3B85 /* Release */ = {
			isa = XCBuildConfiguration;
			buildSettings = {
				ALWAYS_EMBED_SWIFT_STANDARD_LIBRARIES = YES;
				CODE_SIGN_STYLE = Automatic;
				INFOPLIST_FILE = flixitUITests/Info.plist;
				LD_RUNPATH_SEARCH_PATHS = (
					"$(inherited)",
					"@executable_path/Frameworks",
					"@loader_path/Frameworks",
				);
				PRODUCT_BUNDLE_IDENTIFIER = Codepath.flixitUITests;
				PRODUCT_NAME = "$(TARGET_NAME)";
				SWIFT_VERSION = 5.0;
				TARGETED_DEVICE_FAMILY = "1,2";
				TEST_TARGET_NAME = flixit;
			};
			name = Release;
		};
/* End XCBuildConfiguration section */

/* Begin XCConfigurationList section */
		D9BEDF2D25E48E5100BD3B85 /* Build configuration list for PBXProject "flixit" */ = {
			isa = XCConfigurationList;
			buildConfigurations = (
				D9BEDF5A25E48E5400BD3B85 /* Debug */,
				D9BEDF5B25E48E5400BD3B85 /* Release */,
			);
			defaultConfigurationIsVisible = 0;
			defaultConfigurationName = Release;
		};
		D9BEDF5C25E48E5400BD3B85 /* Build configuration list for PBXNativeTarget "flixit" */ = {
			isa = XCConfigurationList;
			buildConfigurations = (
				D9BEDF5D25E48E5400BD3B85 /* Debug */,
				D9BEDF5E25E48E5400BD3B85 /* Release */,
			);
			defaultConfigurationIsVisible = 0;
			defaultConfigurationName = Release;
		};
		D9BEDF5F25E48E5400BD3B85 /* Build configuration list for PBXNativeTarget "flixitTests" */ = {
			isa = XCConfigurationList;
			buildConfigurations = (
				D9BEDF6025E48E5400BD3B85 /* Debug */,
				D9BEDF6125E48E5400BD3B85 /* Release */,
			);
			defaultConfigurationIsVisible = 0;
			defaultConfigurationName = Release;
		};
		D9BEDF6225E48E5400BD3B85 /* Build configuration list for PBXNativeTarget "flixitUITests" */ = {
			isa = XCConfigurationList;
			buildConfigurations = (
				D9BEDF6325E48E5400BD3B85 /* Debug */,
				D9BEDF6425E48E5400BD3B85 /* Release */,
			);
			defaultConfigurationIsVisible = 0;
			defaultConfigurationName = Release;
		};
/* End XCConfigurationList section */
	};
	rootObject = D9BEDF2A25E48E5100BD3B85 /* Project object */;
}
